{
  "name": "auth-packages",
  "version": "1.0.0",
  "lockfileVersion": 3,
  "requires": true,
  "packages": {
    "": {
      "name": "auth-packages",
      "version": "1.0.0",
      "license": "ISC",
      "workspaces": [
        "packages/*"
      ],
      "devDependencies": {
        "typescript": "^5.3.3"
      }
    },
    "node_modules/@fbenaven/auth-bff-client": {
      "resolved": "packages/auth-bff-client",
      "link": true
    },
    "node_modules/@fbenaven/auth-bff-core": {
      "resolved": "packages/auth-bff-core",
      "link": true
    },
    "node_modules/@fbenaven/auth-bff-hono": {
      "resolved": "packages/auth-bff-hono",
      "link": true
    },
    "node_modules/@fbenaven/auth-bff-react": {
      "resolved": "packages/auth-bff-react",
      "link": true
    },
    "node_modules/@types/react": {
      "version": "19.2.8",
      "resolved": "https://registry.npmjs.org/@types/react/-/react-19.2.8.tgz",
      "integrity": "sha512-3MbSL37jEchWZz2p2mjntRZtPt837ij10ApxKfgmXCTuHWagYg7iA5bqPw6C8BMPfwidlvfPI/fxOc42HLhcyg==",
      "dev": true,
      "license": "MIT",
      "dependencies": {
        "csstype": "^3.2.2"
      }
    },
    "node_modules/csstype": {
      "version": "3.2.3",
      "resolved": "https://registry.npmjs.org/csstype/-/csstype-3.2.3.tgz",
      "integrity": "sha512-z1HGKcYy2xA8AGQfwrn0PAy+PB7X/GSj3UVJW9qKyn43xWa+gl5nXmU4qqLMRzWVLFC8KusUX8T/0kCiOYpAIQ==",
      "dev": true,
      "license": "MIT"
    },
    "node_modules/hono": {
      "version": "4.11.4",
      "resolved": "https://registry.npmjs.org/hono/-/hono-4.11.4.tgz",
      "integrity": "sha512-U7tt8JsyrxSRKspfhtLET79pU8K+tInj5QZXs1jSugO1Vq5dFj3kmZsRldo29mTBfcjDRVRXrEZ6LS63Cog9ZA==",
      "dev": true,
      "license": "MIT",
      "engines": {
        "node": ">=16.9.0"
      }
    },
    "node_modules/jose": {
      "version": "6.1.3",
      "resolved": "https://registry.npmjs.org/jose/-/jose-6.1.3.tgz",
      "integrity": "sha512-0TpaTfihd4QMNwrz/ob2Bp7X04yuxJkjRGi4aKmOqwhov54i6u79oCv7T+C7lo70MKH6BesI3vscD1yb/yzKXQ==",
      "license": "MIT",
      "funding": {
        "url": "https://github.com/sponsors/panva"
      }
    },
    "node_modules/react": {
      "version": "19.2.3",
      "resolved": "https://registry.npmjs.org/react/-/react-19.2.3.tgz",
      "integrity": "sha512-Ku/hhYbVjOQnXDZFv2+RibmLFGwFdeeKHFcOTlrt7xplBnya5OGn/hIRDsqDiSUcfORsDC7MPxwork8jBwsIWA==",
      "dev": true,
      "license": "MIT",
      "engines": {
        "node": ">=0.10.0"
      }
    },
    "node_modules/typescript": {
      "version": "5.9.3",
      "resolved": "https://registry.npmjs.org/typescript/-/typescript-5.9.3.tgz",
      "integrity": "sha512-jl1vZzPDinLr9eUt3J/t7V6FgNEw9QjvBPdysz9KfQDD41fQrC2Y4vKQdiaUpFT4bXlb1RHhLpp8wtm6M5TgSw==",
      "dev": true,
      "license": "Apache-2.0",
      "bin": {
        "tsc": "bin/tsc",
        "tsserver": "bin/tsserver"
      },
      "engines": {
        "node": ">=14.17"
      }
    },
    "packages/auth-bff-client": {
      "name": "@fbenaven/auth-bff-client",
      "version": "1.0.0",
      "license": "MIT"
    },
    "packages/auth-bff-core": {
      "name": "@fbenaven/auth-bff-core",
      "version": "1.0.0",
      "license": "MIT"
    },
    "packages/auth-bff-hono": {
      "name": "@fbenaven/auth-bff-hono",
      "version": "1.0.0",
      "license": "MIT",
      "dependencies": {
        "@fbenaven/auth-bff-core": "1.0.0",
        "jose": "^6.1.3"
      },
      "devDependencies": {
        "hono": "^4.11.4",
        "typescript": "^5.3.3"
      },
      "peerDependencies": {
        "hono": "^4.0.0"
      }
    },
    "packages/auth-bff-react": {
      "name": "@fbenaven/auth-bff-react",
      "version": "1.0.0",
      "license": "MIT",
      "dependencies": {
        "@fbenaven/auth-bff-client": "1.0.0"
      },
      "devDependencies": {
        "@types/react": "^19.2.5",
        "react": "^19.2.0",
        "typescript": "^5.3.3"
      },
      "peerDependencies": {
        "react": "^16.8.0 || ^17.0.0 || ^18.0.0 || ^19.0.0"
      }
    }
  }
}
