{
  "name": "auth-packages",
  "version": "1.0.0",
  "lockfileVersion": 3,
  "requires": true,
  "packages": {
    "": {
      "name": "auth-packages",
      "version": "1.0.0",
      "license": "ISC",
      "workspaces": [
        "packages/*"
      ],
      "devDependencies": {
        "typescript": "^5.3.3"
      }
    },
    "node_modules/@fbenaven/auth-bff-client": {
      "resolved": "packages/auth-bff-client",
      "link": true
    },
    "node_modules/@fbenaven/auth-bff-core": {
      "resolved": "packages/auth-bff-core",
      "link": true
    },
    "node_modules/@fbenaven/auth-bff-hono": {
      "resolved": "packages/auth-bff-hono",
      "link": true
    },
    "node_modules/@fbenaven/auth-bff-react": {
      "resolved": "packages/auth-bff-react",
      "link": true
    },
    "node_modules/typescript": {
      "version": "5.9.3",
      "resolved": "https://registry.npmjs.org/typescript/-/typescript-5.9.3.tgz",
      "integrity": "sha512-jl1vZzPDinLr9eUt3J/t7V6FgNEw9QjvBPdysz9KfQDD41fQrC2Y4vKQdiaUpFT4bXlb1RHhLpp8wtm6M5TgSw==",
      "dev": true,
      "license": "Apache-2.0",
      "bin": {
        "tsc": "bin/tsc",
        "tsserver": "bin/tsserver"
      },
      "engines": {
        "node": ">=14.17"
      }
    },
    "packages/auth-bff-client": {
      "name": "@fbenaven/auth-bff-client",
      "version": "1.0.0",
      "license": "MIT"
    },
    "packages/auth-bff-core": {
      "name": "@fbenaven/auth-bff-core",
      "version": "1.0.0",
      "license": "MIT"
    },
    "packages/auth-bff-hono": {
      "name": "@fbenaven/auth-bff-hono",
      "version": "1.0.0",
      "license": "MIT",
      "dependencies": {
        "@fbenaven/auth-bff-core": "1.0.0"
      }
    },
    "packages/auth-bff-react": {
      "name": "@fbenaven/auth-bff-react",
      "version": "1.0.0",
      "license": "MIT",
      "dependencies": {
        "@fbenaven/auth-bff-client": "1.0.0"
      }
    }
  }
}
